<Solution>
  <Folder Name="/src/">
    <Project Path="src/M0LTE.Radio/M0LTE.Radio.csproj" />
    <Project Path="src/M0LTE.Radio.Tait/M0LTE.Radio.Tait.csproj" />
  </Folder>
  <Folder Name="/tests/">
    <Project Path="tests/M0LTE.Radio.Tests/M0LTE.Radio.Tests.csproj" />
    <Project Path="tests/M0LTE.Radio.Tait.Tests/M0LTE.Radio.Tait.Tests.csproj" />
  </Folder>
</Solution>
